Microsoft Visual Studio Solution File, Format Version 12.00
# Visual Studio Version 17
VisualStudioVersion = 17.5.2.0
MinimumVisualStudioVersion = 10.0.40219.1
Project("{FAE04EC0-301F-11D3-BF4B-00C04F79EFBC}") = "CustomIdentityServer", "CustomIdentityServer.csproj", "{0F931595-9E9B-0DDA-A072-DFB83CF9D5AE}"
EndProject
Global
	GlobalSection(SolutionConfigurationPlatforms) = preSolution
		Debug|Any CPU = Debug|Any CPU
		Release|Any CPU = Release|Any CPU
	EndGlobalSection
	GlobalSection(ProjectConfigurationPlatforms) = postSolution
		{0F931595-9E9B-0DDA-A072-DFB83CF9D5AE}.Debug|Any CPU.ActiveCfg = Debug|Any CPU
		{0F931595-9E9B-0DDA-A072-DFB83CF9D5AE}.Debug|Any CPU.Build.0 = Debug|Any CPU
		{0F931595-9E9B-0DDA-A072-DFB83CF9D5AE}.Release|Any CPU.ActiveCfg = Release|Any CPU
		{0F931595-9E9B-0DDA-A072-DFB83CF9D5AE}.Release|Any CPU.Build.0 = Release|Any CPU
	EndGlobalSection
	GlobalSection(SolutionProperties) = preSolution
		HideSolutionNode = FALSE
	EndGlobalSection
	GlobalSection(ExtensibilityGlobals) = postSolution
		SolutionGuid = {FC7B0787-1FA8-4AFE-A441-97A4FC294D48}
	EndGlobalSection
EndGlobal
